{
  "name": "bankdataapi",
  "version": "1.0.0",
  "lockfileVersion": 3,
  "requires": true,
  "packages": {
    "": {
      "name": "bankdataapi",
      "version": "1.0.0",
      "license": "ISC",
      "dependencies": {
        "gitignore-command": "^0.3.4",
        "secrets": "^1.1.2"
      }
    },
    "node_modules/axios": {
      "version": "0.25.0",
      "resolved": "https://registry.npmjs.org/axios/-/axios-0.25.0.tgz",
      "integrity": "sha512-cD8FOb0tRH3uuEe6+evtAbgJtfxr7ly3fQjYcMcuPlgkwVS9xboaVIpcDV+cYQe+yGykgwZCs1pzjntcGa6l5g==",
      "dependencies": {
        "follow-redirects": "^1.14.7"
      }
    },
    "node_modules/commander": {
      "version": "2.20.0",
      "resolved": "https://registry.npmjs.org/commander/-/commander-2.20.0.tgz",
      "integrity": "sha512-7j2y+40w61zy6YC2iRNpUe/NwhNyoXrYpHMrSunaMG64nRnaf96zO/KMQR4OyN/UnE5KLyEBnKHd4aG3rskjpQ=="
    },
    "node_modules/follow-redirects": {
      "version": "1.15.2",
      "resolved": "https://registry.npmjs.org/follow-redirects/-/follow-redirects-1.15.2.tgz",
      "integrity": "sha512-VQLG33o04KaQ8uYi2tVNbdrWp1QWxNNea+nmIB4EVM28v0hmP17z7aG1+wAkNzVq4KeXTq3221ye5qTJP91JwA==",
      "funding": [
        {
          "type": "individual",
          "url": "https://github.com/sponsors/RubenVerborgh"
        }
      ],
      "engines": {
        "node": ">=4.0"
      },
      "peerDependenciesMeta": {
        "debug": {
          "optional": true
        }
      }
    },
    "node_modules/gitignore-command": {
      "version": "0.3.4",
      "resolved": "https://registry.npmjs.org/gitignore-command/-/gitignore-command-0.3.4.tgz",
      "integrity": "sha512-ArVNYzfsmM/Pwk9cPieN7B/FMHqfIYcuP0j91K2CQMKjaK4W7f9BP49pmyZMJrUAeXdhT0fXEMyKt0IBwSAB/w==",
      "dependencies": {
        "axios": "0.25.0",
        "commander": "2.20.0"
      },
      "bin": {
        "gitignore": "bin/gitignore.js"
      }
    },
    "node_modules/secrets": {
      "version": "1.1.2",
      "resolved": "https://registry.npmjs.org/secrets/-/secrets-1.1.2.tgz",
      "integrity": "sha512-v0sv+z8D6pNL0w4/WDEJD480rTnblzNdx7yvqCGt+JzFsr2HBXupxbfmY74IerpQE7hdRByWIfpFhLkclTbsfg=="
    }
  }
}
